// !$*UTF8*$!
{
	archiveVersion = 1;
	classes = {
	};
	objectVersion = 56;
	objects = {

/* Begin PBXBuildFile section */
		8F9F41262A1CB7150092627C /* MoveItMatesApp.swift in Sources */ = {isa = PBXBuildFile; fileRef = 8F9F41252A1CB7150092627C /* MoveItMatesApp.swift */; };
		8F9F41282A1CB7150092627C /* Main Page.swift in Sources */ = {isa = PBXBuildFile; fileRef = 8F9F41272A1CB7150092627C /* Main Page.swift */; };
		8F9F412A2A1CB7160092627C /* Assets.xcassets in Resources */ = {isa = PBXBuildFile; fileRef = 8F9F41292A1CB7160092627C /* Assets.xcassets */; };
		8F9F412D2A1CB7160092627C /* Preview Assets.xcassets in Resources */ = {isa = PBXBuildFile; fileRef = 8F9F412C2A1CB7160092627C /* Preview Assets.xcassets */; };
		8F9F41352A1CB76E0092627C /* WatchKit.framework in Frameworks */ = {isa = PBXBuildFile; fileRef = 8F9F41342A1CB76E0092627C /* WatchKit.framework */; };
		8F9F41372A1CB7750092627C /* WatchConnectivity.framework in Frameworks */ = {isa = PBXBuildFile; fileRef = 8F9F41362A1CB7750092627C /* WatchConnectivity.framework */; };
		8F9F41392A1CB77A0092627C /* HealthKit.framework in Frameworks */ = {isa = PBXBuildFile; fileRef = 8F9F41382A1CB77A0092627C /* HealthKit.framework */; };
		8F9F413B2A1CB7810092627C /* CoreMotion.framework in Frameworks */ = {isa = PBXBuildFile; fileRef = 8F9F413A2A1CB7810092627C /* CoreMotion.framework */; };
		8F9F413F2A1CB7EA0092627C /* CircleProgressBar.swift in Sources */ = {isa = PBXBuildFile; fileRef = 8F9F413E2A1CB7EA0092627C /* CircleProgressBar.swift */; };
		8F9F41412A1CB7FB0092627C /* HexExtension.swift in Sources */ = {isa = PBXBuildFile; fileRef = 8F9F41402A1CB7FB0092627C /* HexExtension.swift */; };
/* End PBXBuildFile section */

/* Begin PBXFileReference section */
		8F9F41222A1CB7150092627C /* MoveItMates Watch App.app */ = {isa = PBXFileReference; explicitFileType = wrapper.application; includeInIndex = 0; path = "MoveItMates Watch App.app"; sourceTree = BUILT_PRODUCTS_DIR; };
		8F9F41252A1CB7150092627C /* MoveItMatesApp.swift */ = {isa = PBXFileReference; lastKnownFileType = sourcecode.swift; path = MoveItMatesApp.swift; sourceTree = "<group>"; };
		8F9F41272A1CB7150092627C /* Main Page.swift */ = {isa = PBXFileReference; lastKnownFileType = sourcecode.swift; path = "Main Page.swift"; sourceTree = "<group>"; };
		8F9F41292A1CB7160092627C /* Assets.xcassets */ = {isa = PBXFileReference; lastKnownFileType = folder.assetcatalog; path = Assets.xcassets; sourceTree = "<group>"; };
		8F9F412C2A1CB7160092627C /* Preview Assets.xcassets */ = {isa = PBXFileReference; lastKnownFileType = folder.assetcatalog; path = "Preview Assets.xcassets"; sourceTree = "<group>"; };
		8F9F41342A1CB76E0092627C /* WatchKit.framework */ = {isa = PBXFileReference; lastKnownFileType = wrapper.framework; name = WatchKit.framework; path = Platforms/WatchOS.platform/Developer/SDKs/WatchOS9.4.sdk/System/Library/Frameworks/WatchKit.framework; sourceTree = DEVELOPER_DIR; };
		8F9F41362A1CB7750092627C /* WatchConnectivity.framework */ = {isa = PBXFileReference; lastKnownFileType = wrapper.framework; name = WatchConnectivity.framework; path = Platforms/WatchOS.platform/Developer/SDKs/WatchOS9.4.sdk/System/Library/Frameworks/WatchConnectivity.framework; sourceTree = DEVELOPER_DIR; };
		8F9F41382A1CB77A0092627C /* HealthKit.framework */ = {isa = PBXFileReference; lastKnownFileType = wrapper.framework; name = HealthKit.framework; path = Platforms/WatchOS.platform/Developer/SDKs/WatchOS9.4.sdk/System/Library/Frameworks/HealthKit.framework; sourceTree = DEVELOPER_DIR; };
		8F9F413A2A1CB7810092627C /* CoreMotion.framework */ = {isa = PBXFileReference; lastKnownFileType = wrapper.framework; name = CoreMotion.framework; path = Platforms/WatchOS.platform/Developer/SDKs/WatchOS9.4.sdk/System/Library/Frameworks/CoreMotion.framework; sourceTree = DEVELOPER_DIR; };
		8F9F413C2A1CB78C0092627C /* MoveItMates Watch App.entitlements */ = {isa = PBXFileReference; lastKnownFileType = text.plist.entitlements; path = "MoveItMates Watch App.entitlements"; sourceTree = "<group>"; };
		8F9F413D2A1CB7A10092627C /* MoveItMates-Watch-App-Info.plist */ = {isa = PBXFileReference; lastKnownFileType = text.plist; path = "MoveItMates-Watch-App-Info.plist"; sourceTree = SOURCE_ROOT; };
		8F9F413E2A1CB7EA0092627C /* CircleProgressBar.swift */ = {isa = PBXFileReference; lastKnownFileType = sourcecode.swift; path = CircleProgressBar.swift; sourceTree = "<group>"; };
		8F9F41402A1CB7FB0092627C /* HexExtension.swift */ = {isa = PBXFileReference; lastKnownFileType = sourcecode.swift; path = HexExtension.swift; sourceTree = "<group>"; };
/* End PBXFileReference section */

/* Begin PBXFrameworksBuildPhase section */
		8F9F411F2A1CB7150092627C /* Frameworks */ = {
			isa = PBXFrameworksBuildPhase;
			buildActionMask = 2147483647;
			files = (
				8F9F41392A1CB77A0092627C /* HealthKit.framework in Frameworks */,
				8F9F41352A1CB76E0092627C /* WatchKit.framework in Frameworks */,
				8F9F41372A1CB7750092627C /* WatchConnectivity.framework in Frameworks */,
				8F9F413B2A1CB7810092627C /* CoreMotion.framework in Frameworks */,
			);
			runOnlyForDeploymentPostprocessing = 0;
		};
/* End PBXFrameworksBuildPhase section */

/* Begin PBXGroup section */
		8F9F41192A1CB7150092627C = {
			isa = PBXGroup;
			children = (
				8F9F41422A1CB80A0092627C /* Design Component */,
				8F9F41242A1CB7150092627C /* MoveItMates Watch App */,
				8F9F41232A1CB7150092627C /* Products */,
				8F9F41332A1CB76E0092627C /* Frameworks */,
			);
			sourceTree = "<group>";
		};
		8F9F41232A1CB7150092627C /* Products */ = {
			isa = PBXGroup;
			children = (
				8F9F41222A1CB7150092627C /* MoveItMates Watch App.app */,
			);
			name = Products;
			sourceTree = "<group>";
		};
		8F9F41242A1CB7150092627C /* MoveItMates Watch App */ = {
			isa = PBXGroup;
			children = (
				8F9F413D2A1CB7A10092627C /* MoveItMates-Watch-App-Info.plist */,
				8F9F413C2A1CB78C0092627C /* MoveItMates Watch App.entitlements */,
				8F9F41252A1CB7150092627C /* MoveItMatesApp.swift */,
				8F9F41272A1CB7150092627C /* Main Page.swift */,
				8F9F41292A1CB7160092627C /* Assets.xcassets */,
				8F9F412B2A1CB7160092627C /* Preview Content */,
			);
			path = "MoveItMates Watch App";
			sourceTree = "<group>";
		};
		8F9F412B2A1CB7160092627C /* Preview Content */ = {
			isa = PBXGroup;
			children = (
				8F9F412C2A1CB7160092627C /* Preview Assets.xcassets */,
			);
			path = "Preview Content";
			sourceTree = "<group>";
		};
		8F9F41332A1CB76E0092627C /* Frameworks */ = {
			isa = PBXGroup;
			children = (
				8F9F413A2A1CB7810092627C /* CoreMotion.framework */,
				8F9F41382A1CB77A0092627C /* HealthKit.framework */,
				8F9F41362A1CB7750092627C /* WatchConnectivity.framework */,
				8F9F41342A1CB76E0092627C /* WatchKit.framework */,
			);
			name = Frameworks;
			sourceTree = "<group>";
		};
		8F9F41422A1CB80A0092627C /* Design Component */ = {
			isa = PBXGroup;
			children = (
				8F9F41402A1CB7FB0092627C /* HexExtension.swift */,
				8F9F413E2A1CB7EA0092627C /* CircleProgressBar.swift */,
			);
			name = "Design Component";
			sourceTree = "<group>";
		};
/* End PBXGroup section */

/* Begin PBXNativeTarget section */
		8F9F41212A1CB7150092627C /* MoveItMates Watch App */ = {
			isa = PBXNativeTarget;
			buildConfigurationList = 8F9F41302A1CB7160092627C /* Build configuration list for PBXNativeTarget "MoveItMates Watch App" */;
			buildPhases = (
				8F9F411E2A1CB7150092627C /* Sources */,
				8F9F411F2A1CB7150092627C /* Frameworks */,
				8F9F41202A1CB7150092627C /* Resources */,
			);
			buildRules = (
			);
			dependencies = (
			);
			name = "MoveItMates Watch App";
			productName = "MoveItMates Watch App";
			productReference = 8F9F41222A1CB7150092627C /* MoveItMates Watch App.app */;
			productType = "com.apple.product-type.application";
		};
/* End PBXNativeTarget section */

/* Begin PBXProject section */
		8F9F411A2A1CB7150092627C /* Project object */ = {
			isa = PBXProject;
			attributes = {
				BuildIndependentTargetsInParallel = 1;
				LastSwiftUpdateCheck = 1430;
				LastUpgradeCheck = 1430;
				TargetAttributes = {
					8F9F41212A1CB7150092627C = {
						CreatedOnToolsVersion = 14.3;
					};
				};
			};
			buildConfigurationList = 8F9F411D2A1CB7150092627C /* Build configuration list for PBXProject "MoveItMates" */;
			compatibilityVersion = "Xcode 14.0";
			developmentRegion = en;
			hasScannedForEncodings = 0;
			knownRegions = (
				en,
				Base,
			);
			mainGroup = 8F9F41192A1CB7150092627C;
			productRefGroup = 8F9F41232A1CB7150092627C /* Products */;
			projectDirPath = "";
			projectRoot = "";
			targets = (
				8F9F41212A1CB7150092627C /* MoveItMates Watch App */,
			);
		};
/* End PBXProject section */

/* Begin PBXResourcesBuildPhase section */
		8F9F41202A1CB7150092627C /* Resources */ = {
			isa = PBXResourcesBuildPhase;
			buildActionMask = 2147483647;
			files = (
				8F9F412D2A1CB7160092627C /* Preview Assets.xcassets in Resources */,
				8F9F412A2A1CB7160092627C /* Assets.xcassets in Resources */,
			);
			runOnlyForDeploymentPostprocessing = 0;
		};
/* End PBXResourcesBuildPhase section */

/* Begin PBXSourcesBuildPhase section */
		8F9F411E2A1CB7150092627C /* Sources */ = {
			isa = PBXSourcesBuildPhase;
			buildActionMask = 2147483647;
			files = (
				8F9F413F2A1CB7EA0092627C /* CircleProgressBar.swift in Sources */,
				8F9F41282A1CB7150092627C /* Main Page.swift in Sources */,
				8F9F41262A1CB7150092627C /* MoveItMatesApp.swift in Sources */,
				8F9F41412A1CB7FB0092627C /* HexExtension.swift in Sources */,
			);
			runOnlyForDeploymentPostprocessing = 0;
		};
/* End PBXSourcesBuildPhase section */

/* Begin XCBuildConfiguration section */
		8F9F412E2A1CB7160092627C /* Debug */ = {
			isa = XCBuildConfiguration;
			buildSettings = {
				ALWAYS_SEARCH_USER_PATHS = NO;
				CLANG_ANALYZER_NONNULL = YES;
				CLANG_ANALYZER_NUMBER_OBJECT_CONVERSION = YES_AGGRESSIVE;
				CLANG_CXX_LANGUAGE_STANDARD = "gnu++20";
				CLANG_ENABLE_MODULES = YES;
				CLANG_ENABLE_OBJC_ARC = YES;
				CLANG_ENABLE_OBJC_WEAK = YES;
				CLANG_WARN_BLOCK_CAPTURE_AUTORELEASING = YES;
				CLANG_WARN_BOOL_CONVERSION = YES;
				CLANG_WARN_COMMA = YES;
				CLANG_WARN_CONSTANT_CONVERSION = YES;
				CLANG_WARN_DEPRECATED_OBJC_IMPLEMENTATIONS = YES;
				CLANG_WARN_DIRECT_OBJC_ISA_USAGE = YES_ERROR;
				CLANG_WARN_DOCUMENTATION_COMMENTS = YES;
				CLANG_WARN_EMPTY_BODY = YES;
				CLANG_WARN_ENUM_CONVERSION = YES;
				CLANG_WARN_INFINITE_RECURSION = YES;
				CLANG_WARN_INT_CONVERSION = YES;
				CLANG_WARN_NON_LITERAL_NULL_CONVERSION = YES;
				CLANG_WARN_OBJC_IMPLICIT_RETAIN_SELF = YES;
				CLANG_WARN_OBJC_LITERAL_CONVERSION = YES;
				CLANG_WARN_OBJC_ROOT_CLASS = YES_ERROR;
				CLANG_WARN_QUOTED_INCLUDE_IN_FRAMEWORK_HEADER = YES;
				CLANG_WARN_RANGE_LOOP_ANALYSIS = YES;
				CLANG_WARN_STRICT_PROTOTYPES = YES;
				CLANG_WARN_SUSPICIOUS_MOVE = YES;
				CLANG_WARN_UNGUARDED_AVAILABILITY = YES_AGGRESSIVE;
				CLANG_WARN_UNREACHABLE_CODE = YES;
				CLANG_WARN__DUPLICATE_METHOD_MATCH = YES;
				COPY_PHASE_STRIP = NO;
				DEBUG_INFORMATION_FORMAT = dwarf;
				ENABLE_STRICT_OBJC_MSGSEND = YES;
				ENABLE_TESTABILITY = YES;
				GCC_C_LANGUAGE_STANDARD = gnu11;
				GCC_DYNAMIC_NO_PIC = NO;
				GCC_NO_COMMON_BLOCKS = YES;
				GCC_OPTIMIZATION_LEVEL = 0;
				GCC_PREPROCESSOR_DEFINITIONS = (
					"DEBUG=1",
					"$(inherited)",
				);
				GCC_WARN_64_TO_32_BIT_CONVERSION = YES;
				GCC_WARN_ABOUT_RETURN_TYPE = YES_ERROR;
				GCC_WARN_UNDECLARED_SELECTOR = YES;
				GCC_WARN_UNINITIALIZED_AUTOS = YES_AGGRESSIVE;
				GCC_WARN_UNUSED_FUNCTION = YES;
				GCC_WARN_UNUSED_VARIABLE = YES;
				MTL_ENABLE_DEBUG_INFO = INCLUDE_SOURCE;
				MTL_FAST_MATH = YES;
				ONLY_ACTIVE_ARCH = YES;
				SWIFT_ACTIVE_COMPILATION_CONDITIONS = DEBUG;
				SWIFT_OPTIMIZATION_LEVEL = "-Onone";
			};
			name = Debug;
		};
		8F9F412F2A1CB7160092627C /* Release */ = {
			isa = XCBuildConfiguration;
			buildSettings = {
				ALWAYS_SEARCH_USER_PATHS = NO;
				CLANG_ANALYZER_NONNULL = YES;
				CLANG_ANALYZER_NUMBER_OBJECT_CONVERSION = YES_AGGRESSIVE;
				CLANG_CXX_LANGUAGE_STANDARD = "gnu++20";
				CLANG_ENABLE_MODULES = YES;
				CLANG_ENABLE_OBJC_ARC = YES;
				CLANG_ENABLE_OBJC_WEAK = YES;
				CLANG_WARN_BLOCK_CAPTURE_AUTORELEASING = YES;
				CLANG_WARN_BOOL_CONVERSION = YES;
				CLANG_WARN_COMMA = YES;
				CLANG_WARN_CONSTANT_CONVERSION = YES;
				CLANG_WARN_DEPRECATED_OBJC_IMPLEMENTATIONS = YES;
				CLANG_WARN_DIRECT_OBJC_ISA_USAGE = YES_ERROR;
				CLANG_WARN_DOCUMENTATION_COMMENTS = YES;
				CLANG_WARN_EMPTY_BODY = YES;
				CLANG_WARN_ENUM_CONVERSION = YES;
				CLANG_WARN_INFINITE_RECURSION = YES;
				CLANG_WARN_INT_CONVERSION = YES;
				CLANG_WARN_NON_LITERAL_NULL_CONVERSION = YES;
				CLANG_WARN_OBJC_IMPLICIT_RETAIN_SELF = YES;
				CLANG_WARN_OBJC_LITERAL_CONVERSION = YES;
				CLANG_WARN_OBJC_ROOT_CLASS = YES_ERROR;
				CLANG_WARN_QUOTED_INCLUDE_IN_FRAMEWORK_HEADER = YES;
				CLANG_WARN_RANGE_LOOP_ANALYSIS = YES;
				CLANG_WARN_STRICT_PROTOTYPES = YES;
				CLANG_WARN_SUSPICIOUS_MOVE = YES;
				CLANG_WARN_UNGUARDED_AVAILABILITY = YES_AGGRESSIVE;
				CLANG_WARN_UNREACHABLE_CODE = YES;
				CLANG_WARN__DUPLICATE_METHOD_MATCH = YES;
				COPY_PHASE_STRIP = NO;
				DEBUG_INFORMATION_FORMAT = "dwarf-with-dsym";
				ENABLE_NS_ASSERTIONS = NO;
				ENABLE_STRICT_OBJC_MSGSEND = YES;
				GCC_C_LANGUAGE_STANDARD = gnu11;
				GCC_NO_COMMON_BLOCKS = YES;
				GCC_WARN_64_TO_32_BIT_CONVERSION = YES;
				GCC_WARN_ABOUT_RETURN_TYPE = YES_ERROR;
				GCC_WARN_UNDECLARED_SELECTOR = YES;
				GCC_WARN_UNINITIALIZED_AUTOS = YES_AGGRESSIVE;
				GCC_WARN_UNUSED_FUNCTION = YES;
				GCC_WARN_UNUSED_VARIABLE = YES;
				MTL_ENABLE_DEBUG_INFO = NO;
				MTL_FAST_MATH = YES;
				SWIFT_COMPILATION_MODE = wholemodule;
				SWIFT_OPTIMIZATION_LEVEL = "-O";
			};
			name = Release;
		};
		8F9F41312A1CB7160092627C /* Debug */ = {
			isa = XCBuildConfiguration;
			buildSettings = {
				ASSETCATALOG_COMPILER_APPICON_NAME = AppIcon;
				ASSETCATALOG_COMPILER_GLOBAL_ACCENT_COLOR_NAME = AccentColor;
				CODE_SIGN_ENTITLEMENTS = "MoveItMates Watch App/MoveItMates Watch App.entitlements";
				CODE_SIGN_STYLE = Automatic;
				CURRENT_PROJECT_VERSION = 1;
				DEVELOPMENT_ASSET_PATHS = "\"MoveItMates Watch App/Preview Content\"";
				DEVELOPMENT_TEAM = VL4T2DFCRG;
				ENABLE_PREVIEWS = YES;
				GENERATE_INFOPLIST_FILE = YES;
				INFOPLIST_FILE = "MoveItMates-Watch-App-Info.plist";
				INFOPLIST_KEY_CFBundleDisplayName = MoveItMates;
				INFOPLIST_KEY_NSHealthUpdateUsageDescription = "We need access to your health data to save the total sitting time.";
				INFOPLIST_KEY_UISupportedInterfaceOrientations = "UIInterfaceOrientationPortrait UIInterfaceOrientationPortraitUpsideDown";
				INFOPLIST_KEY_WKCompanionAppBundleIdentifier = "";
				INFOPLIST_KEY_WKRunsIndependentlyOfCompanionApp = YES;
				LD_RUNPATH_SEARCH_PATHS = (
					"$(inherited)",
					"@executable_path/Frameworks",
				);
				MARKETING_VERSION = 1.0;
				PRODUCT_BUNDLE_IDENTIFIER = .watchkitapps11;
				PRODUCT_NAME = "$(TARGET_NAME)";
				SDKROOT = watchos;
				SKIP_INSTALL = YES;
				SWIFT_EMIT_LOC_STRINGS = YES;
				SWIFT_VERSION = 5.0;
				TARGETED_DEVICE_FAMILY = 4;
				WATCHOS_DEPLOYMENT_TARGET = 9.4;
			};
			name = Debug;
		};
		8F9F41322A1CB7160092627C /* Release */ = {
			isa = XCBuildConfiguration;
			buildSettings = {
				ASSETCATALOG_COMPILER_APPICON_NAME = AppIcon;
				ASSETCATALOG_COMPILER_GLOBAL_ACCENT_COLOR_NAME = AccentColor;
				CODE_SIGN_ENTITLEMENTS = "MoveItMates Watch App/MoveItMates Watch App.entitlements";
				CODE_SIGN_STYLE = Automatic;
				CURRENT_PROJECT_VERSION = 1;
				DEVELOPMENT_ASSET_PATHS = "\"MoveItMates Watch App/Preview Content\"";
				DEVELOPMENT_TEAM = VL4T2DFCRG;
				ENABLE_PREVIEWS = YES;
				GENERATE_INFOPLIST_FILE = YES;
				INFOPLIST_FILE = "MoveItMates-Watch-App-Info.plist";
				INFOPLIST_KEY_CFBundleDisplayName = MoveItMates;
				INFOPLIST_KEY_NSHealthUpdateUsageDescription = "We need access to your health data to save the total sitting time.";
				INFOPLIST_KEY_UISupportedInterfaceOrientations = "UIInterfaceOrientationPortrait UIInterfaceOrientationPortraitUpsideDown";
				INFOPLIST_KEY_WKCompanionAppBundleIdentifier = "";
				INFOPLIST_KEY_WKRunsIndependentlyOfCompanionApp = YES;
				LD_RUNPATH_SEARCH_PATHS = (
					"$(inherited)",
					"@executable_path/Frameworks",
				);
				MARKETING_VERSION = 1.0;
				PRODUCT_BUNDLE_IDENTIFIER = .watchkitapps11;
				PRODUCT_NAME = "$(TARGET_NAME)";
				SDKROOT = watchos;
				SKIP_INSTALL = YES;
				SWIFT_EMIT_LOC_STRINGS = YES;
				SWIFT_VERSION = 5.0;
				TARGETED_DEVICE_FAMILY = 4;
				VALIDATE_PRODUCT = YES;
				WATCHOS_DEPLOYMENT_TARGET = 9.4;
			};
			name = Release;
		};
/* End XCBuildConfiguration section */

/* Begin XCConfigurationList section */
		8F9F411D2A1CB7150092627C /* Build configuration list for PBXProject "MoveItMates" */ = {
			isa = XCConfigurationList;
			buildConfigurations = (
				8F9F412E2A1CB7160092627C /* Debug */,
				8F9F412F2A1CB7160092627C /* Release */,
			);
			defaultConfigurationIsVisible = 0;
			defaultConfigurationName = Release;
		};
		8F9F41302A1CB7160092627C /* Build configuration list for PBXNativeTarget "MoveItMates Watch App" */ = {
			isa = XCConfigurationList;
			buildConfigurations = (
				8F9F41312A1CB7160092627C /* Debug */,
				8F9F41322A1CB7160092627C /* Release */,
			);
			defaultConfigurationIsVisible = 0;
			defaultConfigurationName = Release;
		};
/* End XCConfigurationList section */
	};
	rootObject = 8F9F411A2A1CB7150092627C /* Project object */;
}
